{
  "name": "shacl-shapes-generator",
  "version": "1.0.0",
  "lockfileVersion": 3,
  "requires": true,
  "packages": {
    "": {
      "name": "shacl-shapes-generator",
      "version": "1.0.0",
      "license": "MIT",
      "dependencies": {
        "arrayify-stream": "^2.0.1",
        "got-cjs": "^12.5.4",
        "n3": "^1.17.3"
      },
      "bin": {
        "generate-shacl-shape": "index.ts"
      },
      "devDependencies": {
        "@types/got": "^9.6.12",
        "@types/n3": "^1.16.4",
        "@types/streamify-array": "^1.0.3",
        "typescript": "^5.4.3"
      }
    },
    "node_modules/@rdfjs/types": {
      "version": "1.1.0",
      "dev": true,
      "license": "MIT",
      "dependencies": {
        "@types/node": "*"
      }
    },
    "node_modules/@sindresorhus/is": {
      "version": "4.6.0",
      "license": "MIT",
      "engines": {
        "node": ">=10"
      },
      "funding": {
        "url": "https://github.com/sindresorhus/is?sponsor=1"
      }
    },
    "node_modules/@szmarczak/http-timer": {
      "version": "4.0.6",
      "license": "MIT",
      "dependencies": {
        "defer-to-connect": "^2.0.0"
      },
      "engines": {
        "node": ">=10"
      }
    },
    "node_modules/@types/got": {
      "version": "9.6.12",
      "dev": true,
      "license": "MIT",
      "dependencies": {
        "@types/node": "*",
        "@types/tough-cookie": "*",
        "form-data": "^2.5.0"
      }
    },
    "node_modules/@types/n3": {
      "version": "1.16.4",
      "dev": true,
      "license": "MIT",
      "dependencies": {
        "@rdfjs/types": "^1.1.0",
        "@types/node": "*"
      }
    },
    "node_modules/@types/node": {
      "version": "20.11.30",
      "license": "MIT",
      "dependencies": {
        "undici-types": "~5.26.4"
      }
    },
    "node_modules/@types/responselike": {
      "version": "1.0.0",
      "license": "MIT",
      "dependencies": {
        "@types/node": "*"
      }
    },
    "node_modules/@types/streamify-array": {
      "version": "1.0.3",
      "dev": true,
      "license": "MIT",
      "dependencies": {
        "@types/node": "*"
      }
    },
    "node_modules/@types/tough-cookie": {
      "version": "4.0.5",
      "dev": true,
      "license": "MIT"
    },
    "node_modules/abort-controller": {
      "version": "3.0.0",
      "license": "MIT",
      "dependencies": {
        "event-target-shim": "^5.0.0"
      },
      "engines": {
        "node": ">=6.5"
      }
    },
    "node_modules/arrayify-stream": {
      "version": "2.0.1",
      "license": "MIT"
    },
    "node_modules/asynckit": {
      "version": "0.4.0",
      "dev": true,
      "license": "MIT"
    },
    "node_modules/base64-js": {
      "version": "1.5.1",
      "funding": [
        {
          "type": "github",
          "url": "https://github.com/sponsors/feross"
        },
        {
          "type": "patreon",
          "url": "https://www.patreon.com/feross"
        },
        {
          "type": "consulting",
          "url": "https://feross.org/support"
        }
      ],
      "license": "MIT"
    },
    "node_modules/buffer": {
      "version": "6.0.3",
      "funding": [
        {
          "type": "github",
          "url": "https://github.com/sponsors/feross"
        },
        {
          "type": "patreon",
          "url": "https://www.patreon.com/feross"
        },
        {
          "type": "consulting",
          "url": "https://feross.org/support"
        }
      ],
      "license": "MIT",
      "dependencies": {
        "base64-js": "^1.3.1",
        "ieee754": "^1.2.1"
      }
    },
    "node_modules/cacheable-lookup": {
      "version": "6.1.0",
      "license": "MIT",
      "engines": {
        "node": ">=10.6.0"
      }
    },
    "node_modules/cacheable-request": {
      "version": "7.0.2",
      "license": "MIT",
      "dependencies": {
        "clone-response": "^1.0.2",
        "get-stream": "^5.1.0",
        "http-cache-semantics": "^4.0.0",
        "keyv": "^4.0.0",
        "lowercase-keys": "^2.0.0",
        "normalize-url": "^6.0.1",
        "responselike": "^2.0.0"
      },
      "engines": {
        "node": ">=8"
      }
    },
    "node_modules/cacheable-request/node_modules/get-stream": {
      "version": "5.2.0",
      "license": "MIT",
      "dependencies": {
        "pump": "^3.0.0"
      },
      "engines": {
        "node": ">=8"
      },
      "funding": {
        "url": "https://github.com/sponsors/sindresorhus"
      }
    },
    "node_modules/clone-response": {
      "version": "1.0.3",
      "license": "MIT",
      "dependencies": {
        "mimic-response": "^1.0.0"
      },
      "funding": {
        "url": "https://github.com/sponsors/sindresorhus"
      }
    },
    "node_modules/combined-stream": {
      "version": "1.0.8",
      "dev": true,
      "license": "MIT",
      "dependencies": {
        "delayed-stream": "~1.0.0"
      },
      "engines": {
        "node": ">= 0.8"
      }
    },
    "node_modules/decompress-response": {
      "version": "6.0.0",
      "license": "MIT",
      "dependencies": {
        "mimic-response": "^3.1.0"
      },
      "engines": {
        "node": ">=10"
      },
      "funding": {
        "url": "https://github.com/sponsors/sindresorhus"
      }
    },
    "node_modules/decompress-response/node_modules/mimic-response": {
      "version": "3.1.0",
      "license": "MIT",
      "engines": {
        "node": ">=10"
      },
      "funding": {
        "url": "https://github.com/sponsors/sindresorhus"
      }
    },
    "node_modules/defer-to-connect": {
      "version": "2.0.1",
      "license": "MIT",
      "engines": {
        "node": ">=10"
      }
    },
    "node_modules/delayed-stream": {
      "version": "1.0.0",
      "dev": true,
      "license": "MIT",
      "engines": {
        "node": ">=0.4.0"
      }
    },
    "node_modules/end-of-stream": {
      "version": "1.4.4",
      "license": "MIT",
      "dependencies": {
        "once": "^1.4.0"
      }
    },
    "node_modules/event-target-shim": {
      "version": "5.0.1",
      "license": "MIT",
      "engines": {
        "node": ">=6"
      }
    },
    "node_modules/events": {
      "version": "3.3.0",
      "license": "MIT",
      "engines": {
        "node": ">=0.8.x"
      }
    },
    "node_modules/form-data": {
      "version": "2.5.1",
      "dev": true,
      "license": "MIT",
      "dependencies": {
        "asynckit": "^0.4.0",
        "combined-stream": "^1.0.6",
        "mime-types": "^2.1.12"
      },
      "engines": {
        "node": ">= 0.12"
      }
    },
    "node_modules/form-data-encoder": {
      "version": "1.7.2",
      "license": "MIT"
    },
    "node_modules/get-stream": {
      "version": "6.0.1",
      "license": "MIT",
      "engines": {
        "node": ">=10"
      },
      "funding": {
        "url": "https://github.com/sponsors/sindresorhus"
      }
    },
    "node_modules/got-cjs": {
      "version": "12.5.4",
      "license": "MIT",
      "dependencies": {
        "@sindresorhus/is": "4.6.0",
        "@szmarczak/http-timer": "4.0.6",
        "@types/responselike": "1.0.0",
        "cacheable-lookup": "6.1.0",
        "cacheable-request": "7.0.2",
        "decompress-response": "^6.0.0",
        "form-data-encoder": "1.7.2",
        "get-stream": "^6.0.1",
        "http2-wrapper": "^2.1.10",
        "lowercase-keys": "2.0.0",
        "p-cancelable": "2.1.1",
        "responselike": "2.0.1"
      },
      "engines": {
        "node": ">=12"
      },
      "funding": {
        "url": "https://github.com/sindresorhus/got?sponsor=1"
      }
    },
    "node_modules/http-cache-semantics": {
      "version": "4.1.1",
      "license": "BSD-2-Clause"
    },
    "node_modules/http2-wrapper": {
      "version": "2.2.1",
      "license": "MIT",
      "dependencies": {
        "quick-lru": "^5.1.1",
        "resolve-alpn": "^1.2.0"
      },
      "engines": {
        "node": ">=10.19.0"
      }
    },
    "node_modules/ieee754": {
      "version": "1.2.1",
      "funding": [
        {
          "type": "github",
          "url": "https://github.com/sponsors/feross"
        },
        {
          "type": "patreon",
          "url": "https://www.patreon.com/feross"
        },
        {
          "type": "consulting",
          "url": "https://feross.org/support"
        }
      ],
      "license": "BSD-3-Clause"
    },
    "node_modules/json-buffer": {
      "version": "3.0.1",
      "license": "MIT"
    },
    "node_modules/keyv": {
      "version": "4.5.4",
      "license": "MIT",
      "dependencies": {
        "json-buffer": "3.0.1"
      }
    },
    "node_modules/lowercase-keys": {
      "version": "2.0.0",
      "license": "MIT",
      "engines": {
        "node": ">=8"
      }
    },
    "node_modules/mime-db": {
      "version": "1.52.0",
      "dev": true,
      "license": "MIT",
      "engines": {
        "node": ">= 0.6"
      }
    },
    "node_modules/mime-types": {
      "version": "2.1.35",
      "dev": true,
      "license": "MIT",
      "dependencies": {
        "mime-db": "1.52.0"
      },
      "engines": {
        "node": ">= 0.6"
      }
    },
    "node_modules/mimic-response": {
      "version": "1.0.1",
      "license": "MIT",
      "engines": {
        "node": ">=4"
      }
    },
    "node_modules/n3": {
      "version": "1.17.3",
      "license": "MIT",
      "dependencies": {
        "queue-microtask": "^1.1.2",
        "readable-stream": "^4.0.0"
      },
      "engines": {
        "node": ">=12.0"
      }
    },
    "node_modules/normalize-url": {
      "version": "6.1.0",
      "license": "MIT",
      "engines": {
        "node": ">=10"
      },
      "funding": {
        "url": "https://github.com/sponsors/sindresorhus"
      }
    },
    "node_modules/once": {
      "version": "1.4.0",
      "license": "ISC",
      "dependencies": {
        "wrappy": "1"
      }
    },
    "node_modules/p-cancelable": {
      "version": "2.1.1",
      "license": "MIT",
      "engines": {
        "node": ">=8"
      }
    },
    "node_modules/process": {
      "version": "0.11.10",
      "license": "MIT",
      "engines": {
        "node": ">= 0.6.0"
      }
    },
    "node_modules/pump": {
      "version": "3.0.0",
      "license": "MIT",
      "dependencies": {
        "end-of-stream": "^1.1.0",
        "once": "^1.3.1"
      }
    },
    "node_modules/queue-microtask": {
      "version": "1.2.3",
      "funding": [
        {
          "type": "github",
          "url": "https://github.com/sponsors/feross"
        },
        {
          "type": "patreon",
          "url": "https://www.patreon.com/feross"
        },
        {
          "type": "consulting",
          "url": "https://feross.org/support"
        }
      ],
      "license": "MIT"
    },
    "node_modules/quick-lru": {
      "version": "5.1.1",
      "license": "MIT",
      "engines": {
        "node": ">=10"
      },
      "funding": {
        "url": "https://github.com/sponsors/sindresorhus"
      }
    },
    "node_modules/readable-stream": {
      "version": "4.5.2",
      "license": "MIT",
      "dependencies": {
        "abort-controller": "^3.0.0",
        "buffer": "^6.0.3",
        "events": "^3.3.0",
        "process": "^0.11.10",
        "string_decoder": "^1.3.0"
      },
      "engines": {
        "node": "^12.22.0 || ^14.17.0 || >=16.0.0"
      }
    },
    "node_modules/resolve-alpn": {
      "version": "1.2.1",
      "license": "MIT"
    },
    "node_modules/responselike": {
      "version": "2.0.1",
      "license": "MIT",
      "dependencies": {
        "lowercase-keys": "^2.0.0"
      },
      "funding": {
        "url": "https://github.com/sponsors/sindresorhus"
      }
    },
    "node_modules/string_decoder": {
      "version": "1.3.0",
      "license": "MIT",
      "dependencies": {
        "safe-buffer": "~5.2.0"
      }
    },
    "node_modules/string_decoder/node_modules/safe-buffer": {
      "version": "5.2.1",
      "funding": [
        {
          "type": "github",
          "url": "https://github.com/sponsors/feross"
        },
        {
          "type": "patreon",
          "url": "https://www.patreon.com/feross"
        },
        {
          "type": "consulting",
          "url": "https://feross.org/support"
        }
      ],
      "license": "MIT"
    },
    "node_modules/typescript": {
      "version": "5.4.3",
      "dev": true,
      "license": "Apache-2.0",
      "bin": {
        "tsc": "bin/tsc",
        "tsserver": "bin/tsserver"
      },
      "engines": {
        "node": ">=14.17"
      }
    },
    "node_modules/undici-types": {
      "version": "5.26.5",
      "license": "MIT"
    },
    "node_modules/wrappy": {
      "version": "1.0.2",
      "license": "ISC"
    }
  }
}
